
Microsoft Visual Studio Solution File, Format Version 12.00
# Visual Studio Version 17
VisualStudioVersion = 17.14.36603.0 d17.14
MinimumVisualStudioVersion = 10.0.40219.1
Project("{888888A0-9F3D-457C-B088-3A5042F75D52}") = "Pyproject", "Pyproject\Pyproject.pyproj", "{DCCE81C4-F4EC-4378-8703-E41B3D449657}"
EndProject
Global
	GlobalSection(SolutionConfigurationPlatforms) = preSolution
		Debug|Any CPU = Debug|Any CPU
		Release|Any CPU = Release|Any CPU
	EndGlobalSection
	GlobalSection(ProjectConfigurationPlatforms) = postSolution
		{DCCE81C4-F4EC-4378-8703-E41B3D449657}.Debug|Any CPU.ActiveCfg = Debug|Any CPU
		{DCCE81C4-F4EC-4378-8703-E41B3D449657}.Release|Any CPU.ActiveCfg = Release|Any CPU
	EndGlobalSection
	GlobalSection(SolutionProperties) = preSolution
		HideSolutionNode = FALSE
	EndGlobalSection
	GlobalSection(ExtensibilityGlobals) = postSolution
		SolutionGuid = {DAAB9120-CB9A-46F8-A5ED-DB5C944C1066}
	EndGlobalSection
EndGlobal
